
Microsoft Visual Studio Solution File, Format Version 12.00
# Visual Studio 15
VisualStudioVersion = 15.0.28307.902
MinimumVisualStudioVersion = 10.0.40219.1
Project("{FAE04EC0-301F-11D3-BF4B-00C04F79EFBC}") = "LocalEventReminder.Android", "LocalEventReminder\LocalEventReminder.Android\LocalEventReminder.Android.csproj", "{80FB154B-16F4-4585-BD69-91D30123C581}"
EndProject
Project("{FAE04EC0-301F-11D3-BF4B-00C04F79EFBC}") = "LocalEventReminder.iOS", "LocalEventReminder\LocalEventReminder.iOS\LocalEventReminder.iOS.csproj", "{86DD9E26-DC33-47AC-AC5E-49F4DC662DB2}"
EndProject
Project("{FAE04EC0-301F-11D3-BF4B-00C04F79EFBC}") = "LocalEventReminder", "LocalEventReminder\LocalEventReminder\LocalEventReminder.csproj", "{F8F2EDBC-122E-4CE1-B2DD-BC450A548A94}"
EndProject
Global
	GlobalSection(SolutionConfigurationPlatforms) = preSolution
		Ad-Hoc|Any CPU = Ad-Hoc|Any CPU
		Ad-Hoc|iPhone = Ad-Hoc|iPhone
		Ad-Hoc|iPhoneSimulator = Ad-Hoc|iPhoneSimulator
		AppStore|Any CPU = AppStore|Any CPU
		AppStore|iPhone = AppStore|iPhone
		AppStore|iPhoneSimulator = AppStore|iPhoneSimulator
		Debug|Any CPU = Debug|Any CPU
		Debug|iPhone = Debug|iPhone
		Debug|iPhoneSimulator = Debug|iPhoneSimulator
		Release|Any CPU = Release|Any CPU
		Release|iPhone = Release|iPhone
		Release|iPhoneSimulator = Release|iPhoneSimulator
	EndGlobalSection
	GlobalSection(ProjectConfigurationPlatforms) = postSolution
		{80FB154B-16F4-4585-BD69-91D30123C581}.Ad-Hoc|Any CPU.ActiveCfg = Release|Any CPU
		{80FB154B-16F4-4585-BD69-91D30123C581}.Ad-Hoc|Any CPU.Build.0 = Release|Any CPU
		{80FB154B-16F4-4585-BD69-91D30123C581}.Ad-Hoc|Any CPU.Deploy.0 = Release|Any CPU
		{80FB154B-16F4-4585-BD69-91D30123C581}.Ad-Hoc|iPhone.ActiveCfg = Release|Any CPU
		{80FB154B-16F4-4585-BD69-91D30123C581}.Ad-Hoc|iPhone.Build.0 = Release|Any CPU
		{80FB154B-16F4-4585-BD69-91D30123C581}.Ad-Hoc|iPhone.Deploy.0 = Release|Any CPU
		{80FB154B-16F4-4585-BD69-91D30123C581}.Ad-Hoc|iPhoneSimulator.ActiveCfg = Release|Any CPU
		{80FB154B-16F4-4585-BD69-91D30123C581}.Ad-Hoc|iPhoneSimulator.Build.0 = Release|Any CPU
		{80FB154B-16F4-4585-BD69-91D30123C581}.Ad-Hoc|iPhoneSimulator.Deploy.0 = Release|Any CPU
		{80FB154B-16F4-4585-BD69-91D30123C581}.AppStore|Any CPU.ActiveCfg = Release|Any CPU
		{80FB154B-16F4-4585-BD69-91D30123C581}.AppStore|Any CPU.Build.0 = Release|Any CPU
		{80FB154B-16F4-4585-BD69-91D30123C581}.AppStore|Any CPU.Deploy.0 = Release|Any CPU
		{80FB154B-16F4-4585-BD69-91D30123C581}.AppStore|iPhone.ActiveCfg = Release|Any CPU
		{80FB154B-16F4-4585-BD69-91D30123C581}.AppStore|iPhone.Build.0 = Release|Any CPU
		{80FB154B-16F4-4585-BD69-91D30123C581}.AppStore|iPhone.Deploy.0 = Release|Any CPU
		{80FB154B-16F4-4585-BD69-91D30123C581}.AppStore|iPhoneSimulator.ActiveCfg = Release|Any CPU
		{80FB154B-16F4-4585-BD69-91D30123C581}.AppStore|iPhoneSimulator.Build.0 = Release|Any CPU
		{80FB154B-16F4-4585-BD69-91D30123C581}.AppStore|iPhoneSimulator.Deploy.0 = Release|Any CPU
		{80FB154B-16F4-4585-BD69-91D30123C581}.Debug|Any CPU.ActiveCfg = Debug|Any CPU
		{80FB154B-16F4-4585-BD69-91D30123C581}.Debug|Any CPU.Build.0 = Debug|Any CPU
		{80FB154B-16F4-4585-BD69-91D30123C581}.Debug|Any CPU.Deploy.0 = Debug|Any CPU
		{80FB154B-16F4-4585-BD69-91D30123C581}.Debug|iPhone.ActiveCfg = Debug|Any CPU
		{80FB154B-16F4-4585-BD69-91D30123C581}.Debug|iPhone.Build.0 = Debug|Any CPU
		{80FB154B-16F4-4585-BD69-91D30123C581}.Debug|iPhone.Deploy.0 = Debug|Any CPU
		{80FB154B-16F4-4585-BD69-91D30123C581}.Debug|iPhoneSimulator.ActiveCfg = Debug|Any CPU
		{80FB154B-16F4-4585-BD69-91D30123C581}.Debug|iPhoneSimulator.Build.0 = Debug|Any CPU
		{80FB154B-16F4-4585-BD69-91D30123C581}.Debug|iPhoneSimulator.Deploy.0 = Debug|Any CPU
		{80FB154B-16F4-4585-BD69-91D30123C581}.Release|Any CPU.ActiveCfg = Release|Any CPU
		{80FB154B-16F4-4585-BD69-91D30123C581}.Release|Any CPU.Build.0 = Release|Any CPU
		{80FB154B-16F4-4585-BD69-91D30123C581}.Release|Any CPU.Deploy.0 = Release|Any CPU
		{80FB154B-16F4-4585-BD69-91D30123C581}.Release|iPhone.ActiveCfg = Release|Any CPU
		{80FB154B-16F4-4585-BD69-91D30123C581}.Release|iPhone.Build.0 = Release|Any CPU
		{80FB154B-16F4-4585-BD69-91D30123C581}.Release|iPhone.Deploy.0 = Release|Any CPU
		{80FB154B-16F4-4585-BD69-91D30123C581}.Release|iPhoneSimulator.ActiveCfg = Release|Any CPU
		{80FB154B-16F4-4585-BD69-91D30123C581}.Release|iPhoneSimulator.Build.0 = Release|Any CPU
		{80FB154B-16F4-4585-BD69-91D30123C581}.Release|iPhoneSimulator.Deploy.0 = Release|Any CPU
		{86DD9E26-DC33-47AC-AC5E-49F4DC662DB2}.Ad-Hoc|Any CPU.ActiveCfg = Ad-Hoc|iPhone
		{86DD9E26-DC33-47AC-AC5E-49F4DC662DB2}.Ad-Hoc|Any CPU.Build.0 = Ad-Hoc|iPhone
		{86DD9E26-DC33-47AC-AC5E-49F4DC662DB2}.Ad-Hoc|Any CPU.Deploy.0 = Ad-Hoc|iPhone
		{86DD9E26-DC33-47AC-AC5E-49F4DC662DB2}.Ad-Hoc|iPhone.ActiveCfg = Ad-Hoc|iPhone
		{86DD9E26-DC33-47AC-AC5E-49F4DC662DB2}.Ad-Hoc|iPhone.Build.0 = Ad-Hoc|iPhone
		{86DD9E26-DC33-47AC-AC5E-49F4DC662DB2}.Ad-Hoc|iPhone.Deploy.0 = Ad-Hoc|iPhone
		{86DD9E26-DC33-47AC-AC5E-49F4DC662DB2}.Ad-Hoc|iPhoneSimulator.ActiveCfg = Ad-Hoc|iPhoneSimulator
		{86DD9E26-DC33-47AC-AC5E-49F4DC662DB2}.Ad-Hoc|iPhoneSimulator.Build.0 = Ad-Hoc|iPhoneSimulator
		{86DD9E26-DC33-47AC-AC5E-49F4DC662DB2}.Ad-Hoc|iPhoneSimulator.Deploy.0 = Ad-Hoc|iPhoneSimulator
		{86DD9E26-DC33-47AC-AC5E-49F4DC662DB2}.AppStore|Any CPU.ActiveCfg = AppStore|iPhone
		{86DD9E26-DC33-47AC-AC5E-49F4DC662DB2}.AppStore|Any CPU.Build.0 = AppStore|iPhone
		{86DD9E26-DC33-47AC-AC5E-49F4DC662DB2}.AppStore|Any CPU.Deploy.0 = AppStore|iPhone
		{86DD9E26-DC33-47AC-AC5E-49F4DC662DB2}.AppStore|iPhone.ActiveCfg = AppStore|iPhone
		{86DD9E26-DC33-47AC-AC5E-49F4DC662DB2}.AppStore|iPhone.Build.0 = AppStore|iPhone
		{86DD9E26-DC33-47AC-AC5E-49F4DC662DB2}.AppStore|iPhone.Deploy.0 = AppStore|iPhone
		{86DD9E26-DC33-47AC-AC5E-49F4DC662DB2}.AppStore|iPhoneSimulator.ActiveCfg = AppStore|iPhoneSimulator
		{86DD9E26-DC33-47AC-AC5E-49F4DC662DB2}.AppStore|iPhoneSimulator.Build.0 = AppStore|iPhoneSimulator
		{86DD9E26-DC33-47AC-AC5E-49F4DC662DB2}.AppStore|iPhoneSimulator.Deploy.0 = AppStore|iPhoneSimulator
		{86DD9E26-DC33-47AC-AC5E-49F4DC662DB2}.Debug|Any CPU.ActiveCfg = Debug|iPhoneSimulator
		{86DD9E26-DC33-47AC-AC5E-49F4DC662DB2}.Debug|Any CPU.Build.0 = Debug|iPhoneSimulator
		{86DD9E26-DC33-47AC-AC5E-49F4DC662DB2}.Debug|Any CPU.Deploy.0 = Debug|iPhoneSimulator
		{86DD9E26-DC33-47AC-AC5E-49F4DC662DB2}.Debug|iPhone.ActiveCfg = Debug|iPhone
		{86DD9E26-DC33-47AC-AC5E-49F4DC662DB2}.Debug|iPhone.Build.0 = Debug|iPhone
		{86DD9E26-DC33-47AC-AC5E-49F4DC662DB2}.Debug|iPhone.Deploy.0 = Debug|iPhone
		{86DD9E26-DC33-47AC-AC5E-49F4DC662DB2}.Debug|iPhoneSimulator.ActiveCfg = Debug|iPhoneSimulator
		{86DD9E26-DC33-47AC-AC5E-49F4DC662DB2}.Debug|iPhoneSimulator.Build.0 = Debug|iPhoneSimulator
		{86DD9E26-DC33-47AC-AC5E-49F4DC662DB2}.Debug|iPhoneSimulator.Deploy.0 = Debug|iPhoneSimulator
		{86DD9E26-DC33-47AC-AC5E-49F4DC662DB2}.Release|Any CPU.ActiveCfg = Release|iPhone
		{86DD9E26-DC33-47AC-AC5E-49F4DC662DB2}.Release|Any CPU.Build.0 = Release|iPhone
		{86DD9E26-DC33-47AC-AC5E-49F4DC662DB2}.Release|Any CPU.Deploy.0 = Release|iPhone
		{86DD9E26-DC33-47AC-AC5E-49F4DC662DB2}.Release|iPhone.ActiveCfg = Release|iPhone
		{86DD9E26-DC33-47AC-AC5E-49F4DC662DB2}.Release|iPhone.Build.0 = Release|iPhone
		{86DD9E26-DC33-47AC-AC5E-49F4DC662DB2}.Release|iPhone.Deploy.0 = Release|iPhone
		{86DD9E26-DC33-47AC-AC5E-49F4DC662DB2}.Release|iPhoneSimulator.ActiveCfg = Release|iPhoneSimulator
		{86DD9E26-DC33-47AC-AC5E-49F4DC662DB2}.Release|iPhoneSimulator.Build.0 = Release|iPhoneSimulator
		{86DD9E26-DC33-47AC-AC5E-49F4DC662DB2}.Release|iPhoneSimulator.Deploy.0 = Release|iPhoneSimulator
		{F8F2EDBC-122E-4CE1-B2DD-BC450A548A94}.Ad-Hoc|Any CPU.ActiveCfg = Debug|Any CPU
		{F8F2EDBC-122E-4CE1-B2DD-BC450A548A94}.Ad-Hoc|Any CPU.Build.0 = Debug|Any CPU
		{F8F2EDBC-122E-4CE1-B2DD-BC450A548A94}.Ad-Hoc|Any CPU.Deploy.0 = Debug|Any CPU
		{F8F2EDBC-122E-4CE1-B2DD-BC450A548A94}.Ad-Hoc|iPhone.ActiveCfg = Debug|Any CPU
		{F8F2EDBC-122E-4CE1-B2DD-BC450A548A94}.Ad-Hoc|iPhone.Build.0 = Debug|Any CPU
		{F8F2EDBC-122E-4CE1-B2DD-BC450A548A94}.Ad-Hoc|iPhone.Deploy.0 = Debug|Any CPU
		{F8F2EDBC-122E-4CE1-B2DD-BC450A548A94}.Ad-Hoc|iPhoneSimulator.ActiveCfg = Debug|Any CPU
		{F8F2EDBC-122E-4CE1-B2DD-BC450A548A94}.Ad-Hoc|iPhoneSimulator.Build.0 = Debug|Any CPU
		{F8F2EDBC-122E-4CE1-B2DD-BC450A548A94}.Ad-Hoc|iPhoneSimulator.Deploy.0 = Debug|Any CPU
		{F8F2EDBC-122E-4CE1-B2DD-BC450A548A94}.AppStore|Any CPU.ActiveCfg = Debug|Any CPU
		{F8F2EDBC-122E-4CE1-B2DD-BC450A548A94}.AppStore|Any CPU.Build.0 = Debug|Any CPU
		{F8F2EDBC-122E-4CE1-B2DD-BC450A548A94}.AppStore|Any CPU.Deploy.0 = Debug|Any CPU
		{F8F2EDBC-122E-4CE1-B2DD-BC450A548A94}.AppStore|iPhone.ActiveCfg = Debug|Any CPU
		{F8F2EDBC-122E-4CE1-B2DD-BC450A548A94}.AppStore|iPhone.Build.0 = Debug|Any CPU
		{F8F2EDBC-122E-4CE1-B2DD-BC450A548A94}.AppStore|iPhone.Deploy.0 = Debug|Any CPU
		{F8F2EDBC-122E-4CE1-B2DD-BC450A548A94}.AppStore|iPhoneSimulator.ActiveCfg = Debug|Any CPU
		{F8F2EDBC-122E-4CE1-B2DD-BC450A548A94}.AppStore|iPhoneSimulator.Build.0 = Debug|Any CPU
		{F8F2EDBC-122E-4CE1-B2DD-BC450A548A94}.AppStore|iPhoneSimulator.Deploy.0 = Debug|Any CPU
		{F8F2EDBC-122E-4CE1-B2DD-BC450A548A94}.Debug|Any CPU.ActiveCfg = Debug|Any CPU
		{F8F2EDBC-122E-4CE1-B2DD-BC450A548A94}.Debug|Any CPU.Build.0 = Debug|Any CPU
		{F8F2EDBC-122E-4CE1-B2DD-BC450A548A94}.Debug|Any CPU.Deploy.0 = Debug|Any CPU
		{F8F2EDBC-122E-4CE1-B2DD-BC450A548A94}.Debug|iPhone.ActiveCfg = Debug|Any CPU
		{F8F2EDBC-122E-4CE1-B2DD-BC450A548A94}.Debug|iPhone.Build.0 = Debug|Any CPU
		{F8F2EDBC-122E-4CE1-B2DD-BC450A548A94}.Debug|iPhone.Deploy.0 = Debug|Any CPU
		{F8F2EDBC-122E-4CE1-B2DD-BC450A548A94}.Debug|iPhoneSimulator.ActiveCfg = Debug|Any CPU
		{F8F2EDBC-122E-4CE1-B2DD-BC450A548A94}.Debug|iPhoneSimulator.Build.0 = Debug|Any CPU
		{F8F2EDBC-122E-4CE1-B2DD-BC450A548A94}.Debug|iPhoneSimulator.Deploy.0 = Debug|Any CPU
		{F8F2EDBC-122E-4CE1-B2DD-BC450A548A94}.Release|Any CPU.ActiveCfg = Release|Any CPU
		{F8F2EDBC-122E-4CE1-B2DD-BC450A548A94}.Release|Any CPU.Build.0 = Release|Any CPU
		{F8F2EDBC-122E-4CE1-B2DD-BC450A548A94}.Release|Any CPU.Deploy.0 = Release|Any CPU
		{F8F2EDBC-122E-4CE1-B2DD-BC450A548A94}.Release|iPhone.ActiveCfg = Release|Any CPU
		{F8F2EDBC-122E-4CE1-B2DD-BC450A548A94}.Release|iPhone.Build.0 = Release|Any CPU
		{F8F2EDBC-122E-4CE1-B2DD-BC450A548A94}.Release|iPhone.Deploy.0 = Release|Any CPU
		{F8F2EDBC-122E-4CE1-B2DD-BC450A548A94}.Release|iPhoneSimulator.ActiveCfg = Release|Any CPU
		{F8F2EDBC-122E-4CE1-B2DD-BC450A548A94}.Release|iPhoneSimulator.Build.0 = Release|Any CPU
		{F8F2EDBC-122E-4CE1-B2DD-BC450A548A94}.Release|iPhoneSimulator.Deploy.0 = Release|Any CPU
	EndGlobalSection
	GlobalSection(SolutionProperties) = preSolution
		HideSolutionNode = FALSE
	EndGlobalSection
	GlobalSection(ExtensibilityGlobals) = postSolution
		SolutionGuid = {1C1C0CB8-BB39-4DFD-A8D7-4F1F32C0D00E}
	EndGlobalSection
EndGlobal
